
Microsoft Visual Studio Solution File, Format Version 12.00
# Visual Studio Version 17
VisualStudioVersion = 17.11.35208.52
MinimumVisualStudioVersion = 10.0.40219.1
Project("{FAE04EC0-301F-11D3-BF4B-00C04F79EFBC}") = "tutorual3-1", "tutorual3-1\tutorual3-1.csproj", "{F88AD24E-50C4-490C-A687-A6675AF46091}"
EndProject
Global
	GlobalSection(SolutionConfigurationPlatforms) = preSolution
		Debug|Any CPU = Debug|Any CPU
		Release|Any CPU = Release|Any CPU
	EndGlobalSection
	GlobalSection(ProjectConfigurationPlatforms) = postSolution
		{F88AD24E-50C4-490C-A687-A6675AF46091}.Debug|Any CPU.ActiveCfg = Debug|Any CPU
		{F88AD24E-50C4-490C-A687-A6675AF46091}.Debug|Any CPU.Build.0 = Debug|Any CPU
		{F88AD24E-50C4-490C-A687-A6675AF46091}.Release|Any CPU.ActiveCfg = Release|Any CPU
		{F88AD24E-50C4-490C-A687-A6675AF46091}.Release|Any CPU.Build.0 = Release|Any CPU
	EndGlobalSection
	GlobalSection(SolutionProperties) = preSolution
		HideSolutionNode = FALSE
	EndGlobalSection
	GlobalSection(ExtensibilityGlobals) = postSolution
		SolutionGuid = {982A4404-97EF-41F9-88C4-6F927B9F2CF1}
	EndGlobalSection
EndGlobal
