
Microsoft Visual Studio Solution File, Format Version 12.00
# Visual Studio Version 17
VisualStudioVersion = 17.11.35208.52
MinimumVisualStudioVersion = 10.0.40219.1
Project("{FAE04EC0-301F-11D3-BF4B-00C04F79EFBC}") = "textboxdemo", "textboxdemo\textboxdemo.csproj", "{796DECEF-F7D4-408B-A6F4-AC9B58AD190D}"
EndProject
Global
	GlobalSection(SolutionConfigurationPlatforms) = preSolution
		Debug|Any CPU = Debug|Any CPU
		Release|Any CPU = Release|Any CPU
	EndGlobalSection
	GlobalSection(ProjectConfigurationPlatforms) = postSolution
		{796DECEF-F7D4-408B-A6F4-AC9B58AD190D}.Debug|Any CPU.ActiveCfg = Debug|Any CPU
		{796DECEF-F7D4-408B-A6F4-AC9B58AD190D}.Debug|Any CPU.Build.0 = Debug|Any CPU
		{796DECEF-F7D4-408B-A6F4-AC9B58AD190D}.Release|Any CPU.ActiveCfg = Release|Any CPU
		{796DECEF-F7D4-408B-A6F4-AC9B58AD190D}.Release|Any CPU.Build.0 = Release|Any CPU
	EndGlobalSection
	GlobalSection(SolutionProperties) = preSolution
		HideSolutionNode = FALSE
	EndGlobalSection
	GlobalSection(ExtensibilityGlobals) = postSolution
		SolutionGuid = {B36CA61A-7BE7-47CF-8BC2-8331B6C43A96}
	EndGlobalSection
EndGlobal
